// !$*UTF8*$!
{
	archiveVersion = 1;
	classes = {
	};
	objectVersion = 46;
	objects = {

/* Begin PBXBuildFile section */
		E26629DA1AAFCFB100B193FF /* AppDelegate.swift in Sources */ = {isa = PBXBuildFile; fileRef = E26629D91AAFCFB100B193FF /* AppDelegate.swift */; };
		E26629DC1AAFCFB100B193FF /* ViewController.swift in Sources */ = {isa = PBXBuildFile; fileRef = E26629DB1AAFCFB100B193FF /* ViewController.swift */; };
		E26629DF1AAFCFB100B193FF /* Main.storyboard in Resources */ = {isa = PBXBuildFile; fileRef = E26629DD1AAFCFB100B193FF /* Main.storyboard */; };
		E26629E11AAFCFB100B193FF /* Images.xcassets in Resources */ = {isa = PBXBuildFile; fileRef = E26629E01AAFCFB100B193FF /* Images.xcassets */; };
		E26629E41AAFCFB100B193FF /* LaunchScreen.xib in Resources */ = {isa = PBXBuildFile; fileRef = E26629E21AAFCFB100B193FF /* LaunchScreen.xib */; };
		E26629F01AAFCFB100B193FF /* MusicGameTests.swift in Sources */ = {isa = PBXBuildFile; fileRef = E26629EF1AAFCFB100B193FF /* MusicGameTests.swift */; };
		E2662A2E1AB02E7A00B193FF /* sc01.mp3 in Resources */ = {isa = PBXBuildFile; fileRef = E2662A2D1AB02E7A00B193FF /* sc01.mp3 */; };
/* End PBXBuildFile section */

/* Begin PBXContainerItemProxy section */
		E26629EA1AAFCFB100B193FF /* PBXContainerItemProxy */ = {
			isa = PBXContainerItemProxy;
			containerPortal = E26629CC1AAFCFB100B193FF /* Project object */;
			proxyType = 1;
			remoteGlobalIDString = E26629D31AAFCFB100B193FF;
			remoteInfo = MusicGame;
		};
/* End PBXContainerItemProxy section */

/* Begin PBXFileReference section */
		E26629D41AAFCFB100B193FF /* MusicGame.app */ = {isa = PBXFileReference; explicitFileType = wrapper.application; includeInIndex = 0; path = MusicGame.app; sourceTree = BUILT_PRODUCTS_DIR; };
		E26629D81AAFCFB100B193FF /* Info.plist */ = {isa = PBXFileReference; lastKnownFileType = text.plist.xml; path = Info.plist; sourceTree = "<group>"; };
		E26629D91AAFCFB100B193FF /* AppDelegate.swift */ = {isa = PBXFileReference; lastKnownFileType = sourcecode.swift; path = AppDelegate.swift; sourceTree = "<group>"; };
		E26629DB1AAFCFB100B193FF /* ViewController.swift */ = {isa = PBXFileReference; lastKnownFileType = sourcecode.swift; path = ViewController.swift; sourceTree = "<group>"; };
		E26629DE1AAFCFB100B193FF /* Base */ = {isa = PBXFileReference; lastKnownFileType = file.storyboard; name = Base; path = Base.lproj/Main.storyboard; sourceTree = "<group>"; };
		E26629E01AAFCFB100B193FF /* Images.xcassets */ = {isa = PBXFileReference; lastKnownFileType = folder.assetcatalog; path = Images.xcassets; sourceTree = "<group>"; };
		E26629E31AAFCFB100B193FF /* Base */ = {isa = PBXFileReference; lastKnownFileType = file.xib; name = Base; path = Base.lproj/LaunchScreen.xib; sourceTree = "<group>"; };
		E26629E91AAFCFB100B193FF /* MusicGameTests.xctest */ = {isa = PBXFileReference; explicitFileType = wrapper.cfbundle; includeInIndex = 0; path = MusicGameTests.xctest; sourceTree = BUILT_PRODUCTS_DIR; };
		E26629EE1AAFCFB100B193FF /* Info.plist */ = {isa = PBXFileReference; lastKnownFileType = text.plist.xml; path = Info.plist; sourceTree = "<group>"; };
		E26629EF1AAFCFB100B193FF /* MusicGameTests.swift */ = {isa = PBXFileReference; lastKnownFileType = sourcecode.swift; path = MusicGameTests.swift; sourceTree = "<group>"; };
		E2662A2D1AB02E7A00B193FF /* sc01.mp3 */ = {isa = PBXFileReference; lastKnownFileType = audio.mp3; path = sc01.mp3; sourceTree = "<group>"; };
/* End PBXFileReference section */

/* Begin PBXFrameworksBuildPhase section */
		E26629D11AAFCFB100B193FF /* Frameworks */ = {
			isa = PBXFrameworksBuildPhase;
			buildActionMask = 2147483647;
			files = (
			);
			runOnlyForDeploymentPostprocessing = 0;
		};
		E26629E61AAFCFB100B193FF /* Frameworks */ = {
			isa = PBXFrameworksBuildPhase;
			buildActionMask = 2147483647;
			files = (
			);
			runOnlyForDeploymentPostprocessing = 0;
		};
/* End PBXFrameworksBuildPhase section */

/* Begin PBXGroup section */
		E26629CB1AAFCFB100B193FF = {
			isa = PBXGroup;
			children = (
				E2662A2D1AB02E7A00B193FF /* sc01.mp3 */,
				E26629D61AAFCFB100B193FF /* MusicGame */,
				E26629EC1AAFCFB100B193FF /* MusicGameTests */,
				E26629D51AAFCFB100B193FF /* Products */,
			);
			sourceTree = "<group>";
		};
		E26629D51AAFCFB100B193FF /* Products */ = {
			isa = PBXGroup;
			children = (
				E26629D41AAFCFB100B193FF /* MusicGame.app */,
				E26629E91AAFCFB100B193FF /* MusicGameTests.xctest */,
			);
			name = Products;
			sourceTree = "<group>";
		};
		E26629D61AAFCFB100B193FF /* MusicGame */ = {
			isa = PBXGroup;
			children = (
				E26629D91AAFCFB100B193FF /* AppDelegate.swift */,
				E26629DB1AAFCFB100B193FF /* ViewController.swift */,
				E26629DD1AAFCFB100B193FF /* Main.storyboard */,
				E26629E01AAFCFB100B193FF /* Images.xcassets */,
				E26629E21AAFCFB100B193FF /* LaunchScreen.xib */,
				E26629D71AAFCFB100B193FF /* Supporting Files */,
			);
			path = MusicGame;
			sourceTree = "<group>";
		};
		E26629D71AAFCFB100B193FF /* Supporting Files */ = {
			isa = PBXGroup;
			children = (
				E26629D81AAFCFB100B193FF /* Info.plist */,
			);
			name = "Supporting Files";
			sourceTree = "<group>";
		};
		E26629EC1AAFCFB100B193FF /* MusicGameTests */ = {
			isa = PBXGroup;
			children = (
				E26629EF1AAFCFB100B193FF /* MusicGameTests.swift */,
				E26629ED1AAFCFB100B193FF /* Supporting Files */,
			);
			path = MusicGameTests;
			sourceTree = "<group>";
		};
		E26629ED1AAFCFB100B193FF /* Supporting Files */ = {
			isa = PBXGroup;
			children = (
				E26629EE1AAFCFB100B193FF /* Info.plist */,
			);
			name = "Supporting Files";
			sourceTree = "<group>";
		};
/* End PBXGroup section */

/* Begin PBXNativeTarget section */
		E26629D31AAFCFB100B193FF /* MusicGame */ = {
			isa = PBXNativeTarget;
			buildConfigurationList = E26629F31AAFCFB100B193FF /* Build configuration list for PBXNativeTarget "MusicGame" */;
			buildPhases = (
				E26629D01AAFCFB100B193FF /* Sources */,
				E26629D11AAFCFB100B193FF /* Frameworks */,
				E26629D21AAFCFB100B193FF /* Resources */,
			);
			buildRules = (
			);
			dependencies = (
			);
			name = MusicGame;
			productName = MusicGame;
			productReference = E26629D41AAFCFB100B193FF /* MusicGame.app */;
			productType = "com.apple.product-type.application";
		};
		E26629E81AAFCFB100B193FF /* MusicGameTests */ = {
			isa = PBXNativeTarget;
			buildConfigurationList = E26629F61AAFCFB100B193FF /* Build configuration list for PBXNativeTarget "MusicGameTests" */;
			buildPhases = (
				E26629E51AAFCFB100B193FF /* Sources */,
				E26629E61AAFCFB100B193FF /* Frameworks */,
				E26629E71AAFCFB100B193FF /* Resources */,
			);
			buildRules = (
			);
			dependencies = (
				E26629EB1AAFCFB100B193FF /* PBXTargetDependency */,
			);
			name = MusicGameTests;
			productName = MusicGameTests;
			productReference = E26629E91AAFCFB100B193FF /* MusicGameTests.xctest */;
			productType = "com.apple.product-type.bundle.unit-test";
		};
/* End PBXNativeTarget section */

/* Begin PBXProject section */
		E26629CC1AAFCFB100B193FF /* Project object */ = {
			isa = PBXProject;
			attributes = {
				LastUpgradeCheck = 0610;
				ORGANIZATIONNAME = nagata;
				TargetAttributes = {
					E26629D31AAFCFB100B193FF = {
						CreatedOnToolsVersion = 6.1.1;
					};
					E26629E81AAFCFB100B193FF = {
						CreatedOnToolsVersion = 6.1.1;
						TestTargetID = E26629D31AAFCFB100B193FF;
					};
				};
			};
			buildConfigurationList = E26629CF1AAFCFB100B193FF /* Build configuration list for PBXProject "MusicGame" */;
			compatibilityVersion = "Xcode 3.2";
			developmentRegion = English;
			hasScannedForEncodings = 0;
			knownRegions = (
				en,
				Base,
			);
			mainGroup = E26629CB1AAFCFB100B193FF;
			productRefGroup = E26629D51AAFCFB100B193FF /* Products */;
			projectDirPath = "";
			projectRoot = "";
			targets = (
				E26629D31AAFCFB100B193FF /* MusicGame */,
				E26629E81AAFCFB100B193FF /* MusicGameTests */,
			);
		};
/* End PBXProject section */

/* Begin PBXResourcesBuildPhase section */
		E26629D21AAFCFB100B193FF /* Resources */ = {
			isa = PBXResourcesBuildPhase;
			buildActionMask = 2147483647;
			files = (
				E26629DF1AAFCFB100B193FF /* Main.storyboard in Resources */,
				E2662A2E1AB02E7A00B193FF /* sc01.mp3 in Resources */,
				E26629E41AAFCFB100B193FF /* LaunchScreen.xib in Resources */,
				E26629E11AAFCFB100B193FF /* Images.xcassets in Resources */,
			);
			runOnlyForDeploymentPostprocessing = 0;
		};
		E26629E71AAFCFB100B193FF /* Resources */ = {
			isa = PBXResourcesBuildPhase;
			buildActionMask = 2147483647;
			files = (
			);
			runOnlyForDeploymentPostprocessing = 0;
		};
/* End PBXResourcesBuildPhase section */

/* Begin PBXSourcesBuildPhase section */
		E26629D01AAFCFB100B193FF /* Sources */ = {
			isa = PBXSourcesBuildPhase;
			buildActionMask = 2147483647;
			files = (
				E26629DC1AAFCFB100B193FF /* ViewController.swift in Sources */,
				E26629DA1AAFCFB100B193FF /* AppDelegate.swift in Sources */,
			);
			runOnlyForDeploymentPostprocessing = 0;
		};
		E26629E51AAFCFB100B193FF /* Sources */ = {
			isa = PBXSourcesBuildPhase;
			buildActionMask = 2147483647;
			files = (
				E26629F01AAFCFB100B193FF /* MusicGameTests.swift in Sources */,
			);
			runOnlyForDeploymentPostprocessing = 0;
		};
/* End PBXSourcesBuildPhase section */

/* Begin PBXTargetDependency section */
		E26629EB1AAFCFB100B193FF /* PBXTargetDependency */ = {
			isa = PBXTargetDependency;
			target = E26629D31AAFCFB100B193FF /* MusicGame */;
			targetProxy = E26629EA1AAFCFB100B193FF /* PBXContainerItemProxy */;
		};
/* End PBXTargetDependency section */

/* Begin PBXVariantGroup section */
		E26629DD1AAFCFB100B193FF /* Main.storyboard */ = {
			isa = PBXVariantGroup;
			children = (
				E26629DE1AAFCFB100B193FF /* Base */,
			);
			name = Main.storyboard;
			sourceTree = "<group>";
		};
		E26629E21AAFCFB100B193FF /* LaunchScreen.xib */ = {
			isa = PBXVariantGroup;
			children = (
				E26629E31AAFCFB100B193FF /* Base */,
			);
			name = LaunchScreen.xib;
			sourceTree = "<group>";
		};
/* End PBXVariantGroup section */

/* Begin XCBuildConfiguration section */
		E26629F11AAFCFB100B193FF /* Debug */ = {
			isa = XCBuildConfiguration;
			buildSettings = {
				ALWAYS_SEARCH_USER_PATHS = NO;
				CLANG_CXX_LANGUAGE_STANDARD = "gnu++0x";
				CLANG_CXX_LIBRARY = "libc++";
				CLANG_ENABLE_MODULES = YES;
				CLANG_ENABLE_OBJC_ARC = YES;
				CLANG_WARN_BOOL_CONVERSION = YES;
				CLANG_WARN_CONSTANT_CONVERSION = YES;
				CLANG_WARN_DIRECT_OBJC_ISA_USAGE = YES_ERROR;
				CLANG_WARN_EMPTY_BODY = YES;
				CLANG_WARN_ENUM_CONVERSION = YES;
				CLANG_WARN_INT_CONVERSION = YES;
				CLANG_WARN_OBJC_ROOT_CLASS = YES_ERROR;
				CLANG_WARN_UNREACHABLE_CODE = YES;
				CLANG_WARN__DUPLICATE_METHOD_MATCH = YES;
				"CODE_SIGN_IDENTITY[sdk=iphoneos*]" = "iPhone Developer";
				COPY_PHASE_STRIP = NO;
				ENABLE_STRICT_OBJC_MSGSEND = YES;
				GCC_C_LANGUAGE_STANDARD = gnu99;
				GCC_DYNAMIC_NO_PIC = NO;
				GCC_OPTIMIZATION_LEVEL = 0;
				GCC_PREPROCESSOR_DEFINITIONS = (
					"DEBUG=1",
					"$(inherited)",
				);
				GCC_SYMBOLS_PRIVATE_EXTERN = NO;
				GCC_WARN_64_TO_32_BIT_CONVERSION = YES;
				GCC_WARN_ABOUT_RETURN_TYPE = YES_ERROR;
				GCC_WARN_UNDECLARED_SELECTOR = YES;
				GCC_WARN_UNINITIALIZED_AUTOS = YES_AGGRESSIVE;
				GCC_WARN_UNUSED_FUNCTION = YES;
				GCC_WARN_UNUSED_VARIABLE = YES;
				IPHONEOS_DEPLOYMENT_TARGET = 8.1;
				MTL_ENABLE_DEBUG_INFO = YES;
				ONLY_ACTIVE_ARCH = YES;
				SDKROOT = iphoneos;
				SWIFT_OPTIMIZATION_LEVEL = "-Onone";
			};
			name = Debug;
		};
		E26629F21AAFCFB100B193FF /* Release */ = {
			isa = XCBuildConfiguration;
			buildSettings = {
				ALWAYS_SEARCH_USER_PATHS = NO;
				CLANG_CXX_LANGUAGE_STANDARD = "gnu++0x";
				CLANG_CXX_LIBRARY = "libc++";
				CLANG_ENABLE_MODULES = YES;
				CLANG_ENABLE_OBJC_ARC = YES;
				CLANG_WARN_BOOL_CONVERSION = YES;
				CLANG_WARN_CONSTANT_CONVERSION = YES;
				CLANG_WARN_DIRECT_OBJC_ISA_USAGE = YES_ERROR;
				CLANG_WARN_EMPTY_BODY = YES;
				CLANG_WARN_ENUM_CONVERSION = YES;
				CLANG_WARN_INT_CONVERSION = YES;
				CLANG_WARN_OBJC_ROOT_CLASS = YES_ERROR;
				CLANG_WARN_UNREACHABLE_CODE = YES;
				CLANG_WARN__DUPLICATE_METHOD_MATCH = YES;
				"CODE_SIGN_IDENTITY[sdk=iphoneos*]" = "iPhone Developer";
				COPY_PHASE_STRIP = YES;
				ENABLE_NS_ASSERTIONS = NO;
				ENABLE_STRICT_OBJC_MSGSEND = YES;
				GCC_C_LANGUAGE_STANDARD = gnu99;
				GCC_WARN_64_TO_32_BIT_CONVERSION = YES;
				GCC_WARN_ABOUT_RETURN_TYPE = YES_ERROR;
				GCC_WARN_UNDECLARED_SELECTOR = YES;
				GCC_WARN_UNINITIALIZED_AUTOS = YES_AGGRESSIVE;
				GCC_WARN_UNUSED_FUNCTION = YES;
				GCC_WARN_UNUSED_VARIABLE = YES;
				IPHONEOS_DEPLOYMENT_TARGET = 8.1;
				MTL_ENABLE_DEBUG_INFO = NO;
				SDKROOT = iphoneos;
				VALIDATE_PRODUCT = YES;
			};
			name = Release;
		};
		E26629F41AAFCFB100B193FF /* Debug */ = {
			isa = XCBuildConfiguration;
			buildSettings = {
				ASSETCATALOG_COMPILER_APPICON_NAME = AppIcon;
				INFOPLIST_FILE = MusicGame/Info.plist;
				LD_RUNPATH_SEARCH_PATHS = "$(inherited) @executable_path/Frameworks";
				PRODUCT_NAME = "$(TARGET_NAME)";
			};
			name = Debug;
		};
		E26629F51AAFCFB100B193FF /* Release */ = {
			isa = XCBuildConfiguration;
			buildSettings = {
				ASSETCATALOG_COMPILER_APPICON_NAME = AppIcon;
				INFOPLIST_FILE = MusicGame/Info.plist;
				LD_RUNPATH_SEARCH_PATHS = "$(inherited) @executable_path/Frameworks";
				PRODUCT_NAME = "$(TARGET_NAME)";
			};
			name = Release;
		};
		E26629F71AAFCFB100B193FF /* Debug */ = {
			isa = XCBuildConfiguration;
			buildSettings = {
				BUNDLE_LOADER = "$(TEST_HOST)";
				FRAMEWORK_SEARCH_PATHS = (
					"$(SDKROOT)/Developer/Library/Frameworks",
					"$(inherited)",
				);
				GCC_PREPROCESSOR_DEFINITIONS = (
					"DEBUG=1",
					"$(inherited)",
				);
				INFOPLIST_FILE = MusicGameTests/Info.plist;
				LD_RUNPATH_SEARCH_PATHS = "$(inherited) @executable_path/Frameworks @loader_path/Frameworks";
				PRODUCT_NAME = "$(TARGET_NAME)";
				TEST_HOST = "$(BUILT_PRODUCTS_DIR)/MusicGame.app/MusicGame";
			};
			name = Debug;
		};
		E26629F81AAFCFB100B193FF /* Release */ = {
			isa = XCBuildConfiguration;
			buildSettings = {
				BUNDLE_LOADER = "$(TEST_HOST)";
				FRAMEWORK_SEARCH_PATHS = (
					"$(SDKROOT)/Developer/Library/Frameworks",
					"$(inherited)",
				);
				INFOPLIST_FILE = MusicGameTests/Info.plist;
				LD_RUNPATH_SEARCH_PATHS = "$(inherited) @executable_path/Frameworks @loader_path/Frameworks";
				PRODUCT_NAME = "$(TARGET_NAME)";
				TEST_HOST = "$(BUILT_PRODUCTS_DIR)/MusicGame.app/MusicGame";
			};
			name = Release;
		};
/* End XCBuildConfiguration section */

/* Begin XCConfigurationList section */
		E26629CF1AAFCFB100B193FF /* Build configuration list for PBXProject "MusicGame" */ = {
			isa = XCConfigurationList;
			buildConfigurations = (
				E26629F11AAFCFB100B193FF /* Debug */,
				E26629F21AAFCFB100B193FF /* Release */,
			);
			defaultConfigurationIsVisible = 0;
			defaultConfigurationName = Release;
		};
		E26629F31AAFCFB100B193FF /* Build configuration list for PBXNativeTarget "MusicGame" */ = {
			isa = XCConfigurationList;
			buildConfigurations = (
				E26629F41AAFCFB100B193FF /* Debug */,
				E26629F51AAFCFB100B193FF /* Release */,
			);
			defaultConfigurationIsVisible = 0;
		};
		E26629F61AAFCFB100B193FF /* Build configuration list for PBXNativeTarget "MusicGameTests" */ = {
			isa = XCConfigurationList;
			buildConfigurations = (
				E26629F71AAFCFB100B193FF /* Debug */,
				E26629F81AAFCFB100B193FF /* Release */,
			);
			defaultConfigurationIsVisible = 0;
		};
/* End XCConfigurationList section */
	};
	rootObject = E26629CC1AAFCFB100B193FF /* Project object */;
}
